{
  "version": 4,
  "terraform_version": "1.7.4",
  "serial": 3,
  "lineage": "8110a8a5-2617-b80c-e829-1e2aa266746c",
  "outputs": {},
  "resources": [
    {
      "mode": "data",
      "type": "digitalocean_ssh_key",
      "name": "c14-dokey",
      "provider": "provider[\"registry.terraform.io/digitalocean/digitalocean\"]",
      "instances": [
        {
          "schema_version": 0,
          "attributes": {
            "fingerprint": "77:09:00:41:02:44:a4:7b:49:9c:38:6a:4b:2f:9d:78",
            "id": 41185136,
            "name": "c14-dokey",
            "public_key": "ssh-rsa AAAAB3NzaC1yc2EAAAADAQABAAABgQDZauO2qzAwKyn4zsLShirlCV0EfgfHnRJGPmbTYUmB3GnvO6G3q3fgu9mqeafqr84zjlQG7xlmGJaA5qaLCDxYiNfTTYiAw5bFSUcLsgcBM5GleVUyapLX7Na4WOLDhj8iC54cLU3PluUwMWnJLVr2YUydXJOq+3WVcWLp2YxFEmR/BB/Mg19KGknKgmEzoDEleNS3Iw0p1/pocjMrZBUayVubcEYMknuOs2jQwbZGS01qHmptfoQFVJ4alkdxi/CORu94zCIZIMgqEeEUiKpDIiR7ocBbkonIA6hENsWvruC/CAxrBfAMt6GSJXRP9l0w/o9AS/3jivORvBMd5m07cQ9bMhlwjCPZa1qZg2ALM4KWhM0wJwPhbR07MNb1JYlFxCuREk/kdcR0L8fTtKg9VvPO/JWhCw22fZXCE9YQzvNKTCjiLff/os1/TAJdDbtfoX7QK5NHYtQAcs8/kEXqAmI3JFsnXVVUH8Sh6TLoudMdJdwhc89q/gyOe2/qhZ8= ccjacobs14@C14-Ex360"
          },
          "sensitive_attributes": []
        }
      ]
    },
    {
      "mode": "managed",
      "type": "digitalocean_droplet",
      "name": "c14_droplet",
      "provider": "provider[\"registry.terraform.io/digitalocean/digitalocean\"]",
      "instances": [
        {
          "schema_version": 1,
          "attributes": {
            "backups": false,
            "created_at": "2024-03-03T11:32:31Z",
            "disk": 80,
            "droplet_agent": null,
            "graceful_shutdown": false,
            "id": "404581357",
            "image": "ubuntu-22-04-x64",
            "ipv4_address": "68.183.57.63",
            "ipv4_address_private": "10.108.0.2",
            "ipv6": false,
            "ipv6_address": "",
            "locked": false,
            "memory": 4096,
            "monitoring": false,
            "name": "c14",
            "price_hourly": 0.03571,
            "price_monthly": 24,
            "private_networking": true,
            "region": "nyc3",
            "resize_disk": true,
            "size": "s-2vcpu-4gb",
            "ssh_keys": [
              "41185136"
            ],
            "status": "active",
            "tags": null,
            "timeouts": null,
            "urn": "do:droplet:404581357",
            "user_data": null,
            "vcpus": 2,
            "volume_ids": [],
            "vpc_uuid": "4d79eb5d-3e1d-4481-8678-34d6fc6388ee"
          },
          "sensitive_attributes": [],
          "private": "eyJlMmJmYjczMC1lY2FhLTExZTYtOGY4OC0zNDM2M2JjN2M0YzAiOnsiY3JlYXRlIjozNjAwMDAwMDAwMDAwLCJkZWxldGUiOjYwMDAwMDAwMDAwLCJ1cGRhdGUiOjM2MDAwMDAwMDAwMDB9LCJzY2hlbWFfdmVyc2lvbiI6IjEifQ==",
          "dependencies": [
            "data.digitalocean_ssh_key.c14-dokey"
          ]
        }
      ]
    }
  ],
  "check_results": null
}
